// !$*UTF8*$!
{
	archiveVersion = 1;
	classes = {
	};
	objectVersion = 50;
	objects = {

/* Begin PBXBuildFile section */
		68035C442390D88300951616 /* AppDelegate.swift in Sources */ = {isa = PBXBuildFile; fileRef = 68035C432390D88300951616 /* AppDelegate.swift */; };
		68035C462390D88300951616 /* SceneDelegate.swift in Sources */ = {isa = PBXBuildFile; fileRef = 68035C452390D88300951616 /* SceneDelegate.swift */; };
		68035C482390D88300951616 /* ViewController.swift in Sources */ = {isa = PBXBuildFile; fileRef = 68035C472390D88300951616 /* ViewController.swift */; };
		68035C4B2390D88300951616 /* Main.storyboard in Resources */ = {isa = PBXBuildFile; fileRef = 68035C492390D88300951616 /* Main.storyboard */; };
		68035C4E2390D88300951616 /* Temp_Project.xcdatamodeld in Sources */ = {isa = PBXBuildFile; fileRef = 68035C4C2390D88300951616 /* Temp_Project.xcdatamodeld */; };
		68035C502390D88400951616 /* Assets.xcassets in Resources */ = {isa = PBXBuildFile; fileRef = 68035C4F2390D88400951616 /* Assets.xcassets */; };
		68035C532390D88400951616 /* LaunchScreen.storyboard in Resources */ = {isa = PBXBuildFile; fileRef = 68035C512390D88400951616 /* LaunchScreen.storyboard */; };
/* End PBXBuildFile section */

/* Begin PBXFileReference section */
		68035C402390D88300951616 /* Temp-Project.app */ = {isa = PBXFileReference; explicitFileType = wrapper.application; includeInIndex = 0; path = "Temp-Project.app"; sourceTree = BUILT_PRODUCTS_DIR; };
		68035C432390D88300951616 /* AppDelegate.swift */ = {isa = PBXFileReference; lastKnownFileType = sourcecode.swift; path = AppDelegate.swift; sourceTree = "<group>"; };
		68035C452390D88300951616 /* SceneDelegate.swift */ = {isa = PBXFileReference; lastKnownFileType = sourcecode.swift; path = SceneDelegate.swift; sourceTree = "<group>"; };
		68035C472390D88300951616 /* ViewController.swift */ = {isa = PBXFileReference; lastKnownFileType = sourcecode.swift; path = ViewController.swift; sourceTree = "<group>"; };
		68035C4A2390D88300951616 /* Base */ = {isa = PBXFileReference; lastKnownFileType = file.storyboard; name = Base; path = Base.lproj/Main.storyboard; sourceTree = "<group>"; };
		68035C4D2390D88300951616 /* Temp_Project.xcdatamodel */ = {isa = PBXFileReference; lastKnownFileType = wrapper.xcdatamodel; path = Temp_Project.xcdatamodel; sourceTree = "<group>"; };
		68035C4F2390D88400951616 /* Assets.xcassets */ = {isa = PBXFileReference; lastKnownFileType = folder.assetcatalog; path = Assets.xcassets; sourceTree = "<group>"; };
		68035C522390D88400951616 /* Base */ = {isa = PBXFileReference; lastKnownFileType = file.storyboard; name = Base; path = Base.lproj/LaunchScreen.storyboard; sourceTree = "<group>"; };
		68035C542390D88400951616 /* Info.plist */ = {isa = PBXFileReference; lastKnownFileType = text.plist.xml; path = Info.plist; sourceTree = "<group>"; };
/* End PBXFileReference section */

/* Begin PBXFrameworksBuildPhase section */
		68035C3D2390D88300951616 /* Frameworks */ = {
			isa = PBXFrameworksBuildPhase;
			buildActionMask = 2147483647;
			files = (
			);
			runOnlyForDeploymentPostprocessing = 0;
		};
/* End PBXFrameworksBuildPhase section */

/* Begin PBXGroup section */
		68035C372390D88300951616 = {
			isa = PBXGroup;
			children = (
				68035C422390D88300951616 /* Temp-Project */,
				68035C412390D88300951616 /* Products */,
			);
			sourceTree = "<group>";
		};
		68035C412390D88300951616 /* Products */ = {
			isa = PBXGroup;
			children = (
				68035C402390D88300951616 /* Temp-Project.app */,
			);
			name = Products;
			sourceTree = "<group>";
		};
		68035C422390D88300951616 /* Temp-Project */ = {
			isa = PBXGroup;
			children = (
				68035C432390D88300951616 /* AppDelegate.swift */,
				68035C452390D88300951616 /* SceneDelegate.swift */,
				68035C472390D88300951616 /* ViewController.swift */,
				68035C492390D88300951616 /* Main.storyboard */,
				68035C4F2390D88400951616 /* Assets.xcassets */,
				68035C512390D88400951616 /* LaunchScreen.storyboard */,
				68035C542390D88400951616 /* Info.plist */,
				68035C4C2390D88300951616 /* Temp_Project.xcdatamodeld */,
			);
			path = "Temp-Project";
			sourceTree = "<group>";
		};
/* End PBXGroup section */

/* Begin PBXNativeTarget section */
		68035C3F2390D88300951616 /* Temp-Project */ = {
			isa = PBXNativeTarget;
			buildConfigurationList = 68035C572390D88400951616 /* Build configuration list for PBXNativeTarget "Temp-Project" */;
			buildPhases = (
				68035C3C2390D88300951616 /* Sources */,
				68035C3D2390D88300951616 /* Frameworks */,
				68035C3E2390D88300951616 /* Resources */,
			);
			buildRules = (
			);
			dependencies = (
			);
			name = "Temp-Project";
			productName = "Temp-Project";
			productReference = 68035C402390D88300951616 /* Temp-Project.app */;
			productType = "com.apple.product-type.application";
		};
/* End PBXNativeTarget section */

/* Begin PBXProject section */
		68035C382390D88300951616 /* Project object */ = {
			isa = PBXProject;
			attributes = {
				LastSwiftUpdateCheck = 1120;
				LastUpgradeCheck = 1120;
				ORGANIZATIONNAME = "Khrongpop Phonngam";
				TargetAttributes = {
					68035C3F2390D88300951616 = {
						CreatedOnToolsVersion = 11.2.1;
					};
				};
			};
			buildConfigurationList = 68035C3B2390D88300951616 /* Build configuration list for PBXProject "Temp-Project" */;
			compatibilityVersion = "Xcode 9.3";
			developmentRegion = en;
			hasScannedForEncodings = 0;
			knownRegions = (
				en,
				Base,
			);
			mainGroup = 68035C372390D88300951616;
			productRefGroup = 68035C412390D88300951616 /* Products */;
			projectDirPath = "";
			projectRoot = "";
			targets = (
				68035C3F2390D88300951616 /* Temp-Project */,
			);
		};
/* End PBXProject section */

/* Begin PBXResourcesBuildPhase section */
		68035C3E2390D88300951616 /* Resources */ = {
			isa = PBXResourcesBuildPhase;
			buildActionMask = 2147483647;
			files = (
				68035C532390D88400951616 /* LaunchScreen.storyboard in Resources */,
				68035C502390D88400951616 /* Assets.xcassets in Resources */,
				68035C4B2390D88300951616 /* Main.storyboard in Resources */,
			);
			runOnlyForDeploymentPostprocessing = 0;
		};
/* End PBXResourcesBuildPhase section */

/* Begin PBXSourcesBuildPhase section */
		68035C3C2390D88300951616 /* Sources */ = {
			isa = PBXSourcesBuildPhase;
			buildActionMask = 2147483647;
			files = (
				68035C482390D88300951616 /* ViewController.swift in Sources */,
				68035C4E2390D88300951616 /* Temp_Project.xcdatamodeld in Sources */,
				68035C442390D88300951616 /* AppDelegate.swift in Sources */,
				68035C462390D88300951616 /* SceneDelegate.swift in Sources */,
			);
			runOnlyForDeploymentPostprocessing = 0;
		};
/* End PBXSourcesBuildPhase section */

/* Begin PBXVariantGroup section */
		68035C492390D88300951616 /* Main.storyboard */ = {
			isa = PBXVariantGroup;
			children = (
				68035C4A2390D88300951616 /* Base */,
			);
			name = Main.storyboard;
			sourceTree = "<group>";
		};
		68035C512390D88400951616 /* LaunchScreen.storyboard */ = {
			isa = PBXVariantGroup;
			children = (
				68035C522390D88400951616 /* Base */,
			);
			name = LaunchScreen.storyboard;
			sourceTree = "<group>";
		};
/* End PBXVariantGroup section */

/* Begin XCBuildConfiguration section */
		68035C552390D88400951616 /* Debug */ = {
			isa = XCBuildConfiguration;
			buildSettings = {
				ALWAYS_SEARCH_USER_PATHS = NO;
				CLANG_ANALYZER_NONNULL = YES;
				CLANG_ANALYZER_NUMBER_OBJECT_CONVERSION = YES_AGGRESSIVE;
				CLANG_CXX_LANGUAGE_STANDARD = "gnu++14";
				CLANG_CXX_LIBRARY = "libc++";
				CLANG_ENABLE_MODULES = YES;
				CLANG_ENABLE_OBJC_ARC = YES;
				CLANG_ENABLE_OBJC_WEAK = YES;
				CLANG_WARN_BLOCK_CAPTURE_AUTORELEASING = YES;
				CLANG_WARN_BOOL_CONVERSION = YES;
				CLANG_WARN_COMMA = YES;
				CLANG_WARN_CONSTANT_CONVERSION = YES;
				CLANG_WARN_DEPRECATED_OBJC_IMPLEMENTATIONS = YES;
				CLANG_WARN_DIRECT_OBJC_ISA_USAGE = YES_ERROR;
				CLANG_WARN_DOCUMENTATION_COMMENTS = YES;
				CLANG_WARN_EMPTY_BODY = YES;
				CLANG_WARN_ENUM_CONVERSION = YES;
				CLANG_WARN_INFINITE_RECURSION = YES;
				CLANG_WARN_INT_CONVERSION = YES;
				CLANG_WARN_NON_LITERAL_NULL_CONVERSION = YES;
				CLANG_WARN_OBJC_IMPLICIT_RETAIN_SELF = YES;
				CLANG_WARN_OBJC_LITERAL_CONVERSION = YES;
				CLANG_WARN_OBJC_ROOT_CLASS = YES_ERROR;
				CLANG_WARN_RANGE_LOOP_ANALYSIS = YES;
				CLANG_WARN_STRICT_PROTOTYPES = YES;
				CLANG_WARN_SUSPICIOUS_MOVE = YES;
				CLANG_WARN_UNGUARDED_AVAILABILITY = YES_AGGRESSIVE;
				CLANG_WARN_UNREACHABLE_CODE = YES;
				CLANG_WARN__DUPLICATE_METHOD_MATCH = YES;
				COPY_PHASE_STRIP = NO;
				DEBUG_INFORMATION_FORMAT = dwarf;
				ENABLE_STRICT_OBJC_MSGSEND = YES;
				ENABLE_TESTABILITY = YES;
				GCC_C_LANGUAGE_STANDARD = gnu11;
				GCC_DYNAMIC_NO_PIC = NO;
				GCC_NO_COMMON_BLOCKS = YES;
				GCC_OPTIMIZATION_LEVEL = 0;
				GCC_PREPROCESSOR_DEFINITIONS = (
					"DEBUG=1",
					"$(inherited)",
				);
				GCC_WARN_64_TO_32_BIT_CONVERSION = YES;
				GCC_WARN_ABOUT_RETURN_TYPE = YES_ERROR;
				GCC_WARN_UNDECLARED_SELECTOR = YES;
				GCC_WARN_UNINITIALIZED_AUTOS = YES_AGGRESSIVE;
				GCC_WARN_UNUSED_FUNCTION = YES;
				GCC_WARN_UNUSED_VARIABLE = YES;
				IPHONEOS_DEPLOYMENT_TARGET = 13.2;
				MTL_ENABLE_DEBUG_INFO = INCLUDE_SOURCE;
				MTL_FAST_MATH = YES;
				ONLY_ACTIVE_ARCH = YES;
				SDKROOT = iphoneos;
				SWIFT_ACTIVE_COMPILATION_CONDITIONS = DEBUG;
				SWIFT_OPTIMIZATION_LEVEL = "-Onone";
			};
			name = Debug;
		};
		68035C562390D88400951616 /* Release */ = {
			isa = XCBuildConfiguration;
			buildSettings = {
				ALWAYS_SEARCH_USER_PATHS = NO;
				CLANG_ANALYZER_NONNULL = YES;
				CLANG_ANALYZER_NUMBER_OBJECT_CONVERSION = YES_AGGRESSIVE;
				CLANG_CXX_LANGUAGE_STANDARD = "gnu++14";
				CLANG_CXX_LIBRARY = "libc++";
				CLANG_ENABLE_MODULES = YES;
				CLANG_ENABLE_OBJC_ARC = YES;
				CLANG_ENABLE_OBJC_WEAK = YES;
				CLANG_WARN_BLOCK_CAPTURE_AUTORELEASING = YES;
				CLANG_WARN_BOOL_CONVERSION = YES;
				CLANG_WARN_COMMA = YES;
				CLANG_WARN_CONSTANT_CONVERSION = YES;
				CLANG_WARN_DEPRECATED_OBJC_IMPLEMENTATIONS = YES;
				CLANG_WARN_DIRECT_OBJC_ISA_USAGE = YES_ERROR;
				CLANG_WARN_DOCUMENTATION_COMMENTS = YES;
				CLANG_WARN_EMPTY_BODY = YES;
				CLANG_WARN_ENUM_CONVERSION = YES;
				CLANG_WARN_INFINITE_RECURSION = YES;
				CLANG_WARN_INT_CONVERSION = YES;
				CLANG_WARN_NON_LITERAL_NULL_CONVERSION = YES;
				CLANG_WARN_OBJC_IMPLICIT_RETAIN_SELF = YES;
				CLANG_WARN_OBJC_LITERAL_CONVERSION = YES;
				CLANG_WARN_OBJC_ROOT_CLASS = YES_ERROR;
				CLANG_WARN_RANGE_LOOP_ANALYSIS = YES;
				CLANG_WARN_STRICT_PROTOTYPES = YES;
				CLANG_WARN_SUSPICIOUS_MOVE = YES;
				CLANG_WARN_UNGUARDED_AVAILABILITY = YES_AGGRESSIVE;
				CLANG_WARN_UNREACHABLE_CODE = YES;
				CLANG_WARN__DUPLICATE_METHOD_MATCH = YES;
				COPY_PHASE_STRIP = NO;
				DEBUG_INFORMATION_FORMAT = "dwarf-with-dsym";
				ENABLE_NS_ASSERTIONS = NO;
				ENABLE_STRICT_OBJC_MSGSEND = YES;
				GCC_C_LANGUAGE_STANDARD = gnu11;
				GCC_NO_COMMON_BLOCKS = YES;
				GCC_WARN_64_TO_32_BIT_CONVERSION = YES;
				GCC_WARN_ABOUT_RETURN_TYPE = YES_ERROR;
				GCC_WARN_UNDECLARED_SELECTOR = YES;
				GCC_WARN_UNINITIALIZED_AUTOS = YES_AGGRESSIVE;
				GCC_WARN_UNUSED_FUNCTION = YES;
				GCC_WARN_UNUSED_VARIABLE = YES;
				IPHONEOS_DEPLOYMENT_TARGET = 13.2;
				MTL_ENABLE_DEBUG_INFO = NO;
				MTL_FAST_MATH = YES;
				SDKROOT = iphoneos;
				SWIFT_COMPILATION_MODE = wholemodule;
				SWIFT_OPTIMIZATION_LEVEL = "-O";
				VALIDATE_PRODUCT = YES;
			};
			name = Release;
		};
		68035C582390D88400951616 /* Debug */ = {
			isa = XCBuildConfiguration;
			buildSettings = {
				ASSETCATALOG_COMPILER_APPICON_NAME = AppIcon;
				CODE_SIGN_STYLE = Automatic;
				DEVELOPMENT_TEAM = WKEL5C23AV;
				INFOPLIST_FILE = "Temp-Project/Info.plist";
				LD_RUNPATH_SEARCH_PATHS = (
					"$(inherited)",
					"@executable_path/Frameworks",
				);
				PRODUCT_BUNDLE_IDENTIFIER = "khrongpop.Temp-Project";
				PRODUCT_NAME = "$(TARGET_NAME)";
				SWIFT_VERSION = 5.0;
				TARGETED_DEVICE_FAMILY = "1,2";
			};
			name = Debug;
		};
		68035C592390D88400951616 /* Release */ = {
			isa = XCBuildConfiguration;
			buildSettings = {
				ASSETCATALOG_COMPILER_APPICON_NAME = AppIcon;
				CODE_SIGN_STYLE = Automatic;
				DEVELOPMENT_TEAM = WKEL5C23AV;
				INFOPLIST_FILE = "Temp-Project/Info.plist";
				LD_RUNPATH_SEARCH_PATHS = (
					"$(inherited)",
					"@executable_path/Frameworks",
				);
				PRODUCT_BUNDLE_IDENTIFIER = "khrongpop.Temp-Project";
				PRODUCT_NAME = "$(TARGET_NAME)";
				SWIFT_VERSION = 5.0;
				TARGETED_DEVICE_FAMILY = "1,2";
			};
			name = Release;
		};
/* End XCBuildConfiguration section */

/* Begin XCConfigurationList section */
		68035C3B2390D88300951616 /* Build configuration list for PBXProject "Temp-Project" */ = {
			isa = XCConfigurationList;
			buildConfigurations = (
				68035C552390D88400951616 /* Debug */,
				68035C562390D88400951616 /* Release */,
			);
			defaultConfigurationIsVisible = 0;
			defaultConfigurationName = Release;
		};
		68035C572390D88400951616 /* Build configuration list for PBXNativeTarget "Temp-Project" */ = {
			isa = XCConfigurationList;
			buildConfigurations = (
				68035C582390D88400951616 /* Debug */,
				68035C592390D88400951616 /* Release */,
			);
			defaultConfigurationIsVisible = 0;
			defaultConfigurationName = Release;
		};
/* End XCConfigurationList section */

/* Begin XCVersionGroup section */
		68035C4C2390D88300951616 /* Temp_Project.xcdatamodeld */ = {
			isa = XCVersionGroup;
			children = (
				68035C4D2390D88300951616 /* Temp_Project.xcdatamodel */,
			);
			currentVersion = 68035C4D2390D88300951616 /* Temp_Project.xcdatamodel */;
			path = Temp_Project.xcdatamodeld;
			sourceTree = "<group>";
			versionGroupType = wrapper.xcdatamodel;
		};
/* End XCVersionGroup section */
	};
	rootObject = 68035C382390D88300951616 /* Project object */;
}
